# THIS IS AN AUTOGENERATED FILE. DO NOT EDIT THIS FILE DIRECTLY.
# yarn lockfile v1


"@types/node@^10.12.21":
  version "10.12.21"
  resolved "https://registry.yarnpkg.com/@types/node/-/node-10.12.21.tgz#7e8a0c34cf29f4e17a36e9bd0ea72d45ba03908e"
  integrity sha512-CBgLNk4o3XMnqMc0rhb6lc77IwShMEglz05deDcn2lQxyXEZivfwgYJu7SMha9V5XcrP6qZuevTHV/QrN2vjKQ==

"@types/prettier@^1.15.2":
  version "1.15.2"
  resolved "https://registry.yarnpkg.com/@types/prettier/-/prettier-1.15.2.tgz#91594ea7cb6f3b1f7ea69f32621246654c7cc231"
  integrity sha512-XIB0ZCaFZmWUHAa9dBqP5UKXXHwuukmVlP+XcyU94dui2k+l2lG+CHAbt2ffenHPUqoIs5Beh8Pdf2YEq/CZ7A==
